
Microsoft Visual Studio Solution File, Format Version 12.00
# Visual Studio 2015
Project("{FAE04EC0-301F-11D3-BF4B-00C04F79EFBC}") = "boongadoom.CSharp", "boongadoom.CSharp.csproj", "{A1FC7BF4-B8BA-3DC9-A244-95632BE6EC02}"
EndProject
Project("{FAE04EC0-301F-11D3-BF4B-00C04F79EFBC}") = "boongadoom.CSharp.Editor", "boongadoom.CSharp.Editor.csproj", "{EB604DE6-5FE0-0C66-F4A0-F6399A4148C2}"
EndProject
Global
	GlobalSection(SolutionConfigurationPlatforms) = preSolution
		Debug|Any CPU = Debug|Any CPU
		Release|Any CPU = Release|Any CPU
	EndGlobalSection
	GlobalSection(ProjectConfigurationPlatforms) = postSolution
		{A1FC7BF4-B8BA-3DC9-A244-95632BE6EC02}.Debug|Any CPU.ActiveCfg = Debug|Any CPU
		{A1FC7BF4-B8BA-3DC9-A244-95632BE6EC02}.Debug|Any CPU.Build.0 = Debug|Any CPU
		{A1FC7BF4-B8BA-3DC9-A244-95632BE6EC02}.Release|Any CPU.ActiveCfg = Release|Any CPU
		{A1FC7BF4-B8BA-3DC9-A244-95632BE6EC02}.Release|Any CPU.Build.0 = Release|Any CPU
		{EB604DE6-5FE0-0C66-F4A0-F6399A4148C2}.Debug|Any CPU.ActiveCfg = Debug|Any CPU
		{EB604DE6-5FE0-0C66-F4A0-F6399A4148C2}.Debug|Any CPU.Build.0 = Debug|Any CPU
		{EB604DE6-5FE0-0C66-F4A0-F6399A4148C2}.Release|Any CPU.ActiveCfg = Release|Any CPU
		{EB604DE6-5FE0-0C66-F4A0-F6399A4148C2}.Release|Any CPU.Build.0 = Release|Any CPU
	EndGlobalSection
	GlobalSection(SolutionProperties) = preSolution
		HideSolutionNode = FALSE
	EndGlobalSection
EndGlobal
